// !$*UTF8*$!
{
	archiveVersion = 1;
	classes = {
	};
	objectVersion = 46;
	objects = {

/* Begin PBXBuildFile section */
		CA1128FA1DBA24A8009CBFA6 /* main.m in Sources */ = {isa = PBXBuildFile; fileRef = CA1128F91DBA24A8009CBFA6 /* main.m */; };
		CA1128FD1DBA24A8009CBFA6 /* AppDelegate.m in Sources */ = {isa = PBXBuildFile; fileRef = CA1128FC1DBA24A8009CBFA6 /* AppDelegate.m */; };
		CA1129001DBA24A8009CBFA6 /* ViewController.m in Sources */ = {isa = PBXBuildFile; fileRef = CA1128FF1DBA24A8009CBFA6 /* ViewController.m */; };
		CA1129031DBA24A8009CBFA6 /* Main.storyboard in Resources */ = {isa = PBXBuildFile; fileRef = CA1129011DBA24A8009CBFA6 /* Main.storyboard */; };
		CA1129061DBA24A9009CBFA6 /* EventsAppUI2.xcdatamodeld in Sources */ = {isa = PBXBuildFile; fileRef = CA1129041DBA24A9009CBFA6 /* EventsAppUI2.xcdatamodeld */; };
		CA1129081DBA24A9009CBFA6 /* Assets.xcassets in Resources */ = {isa = PBXBuildFile; fileRef = CA1129071DBA24A9009CBFA6 /* Assets.xcassets */; };
		CA11290B1DBA24A9009CBFA6 /* LaunchScreen.storyboard in Resources */ = {isa = PBXBuildFile; fileRef = CA1129091DBA24A9009CBFA6 /* LaunchScreen.storyboard */; };
		CA1129161DBA24A9009CBFA6 /* EventsAppUI2UITests.m in Sources */ = {isa = PBXBuildFile; fileRef = CA1129151DBA24A9009CBFA6 /* EventsAppUI2UITests.m */; };
/* End PBXBuildFile section */

/* Begin PBXContainerItemProxy section */
		CA1129121DBA24A9009CBFA6 /* PBXContainerItemProxy */ = {
			isa = PBXContainerItemProxy;
			containerPortal = CA1128ED1DBA24A8009CBFA6 /* Project object */;
			proxyType = 1;
			remoteGlobalIDString = CA1128F41DBA24A8009CBFA6;
			remoteInfo = EventsAppUI2;
		};
/* End PBXContainerItemProxy section */

/* Begin PBXFileReference section */
		CA1128F51DBA24A8009CBFA6 /* EventsAppUI2.app */ = {isa = PBXFileReference; explicitFileType = wrapper.application; includeInIndex = 0; path = EventsAppUI2.app; sourceTree = BUILT_PRODUCTS_DIR; };
		CA1128F91DBA24A8009CBFA6 /* main.m */ = {isa = PBXFileReference; lastKnownFileType = sourcecode.c.objc; path = main.m; sourceTree = "<group>"; };
		CA1128FB1DBA24A8009CBFA6 /* AppDelegate.h */ = {isa = PBXFileReference; lastKnownFileType = sourcecode.c.h; path = AppDelegate.h; sourceTree = "<group>"; };
		CA1128FC1DBA24A8009CBFA6 /* AppDelegate.m */ = {isa = PBXFileReference; lastKnownFileType = sourcecode.c.objc; path = AppDelegate.m; sourceTree = "<group>"; };
		CA1128FE1DBA24A8009CBFA6 /* ViewController.h */ = {isa = PBXFileReference; lastKnownFileType = sourcecode.c.h; path = ViewController.h; sourceTree = "<group>"; };
		CA1128FF1DBA24A8009CBFA6 /* ViewController.m */ = {isa = PBXFileReference; lastKnownFileType = sourcecode.c.objc; path = ViewController.m; sourceTree = "<group>"; };
		CA1129021DBA24A8009CBFA6 /* Base */ = {isa = PBXFileReference; lastKnownFileType = file.storyboard; name = Base; path = Base.lproj/Main.storyboard; sourceTree = "<group>"; };
		CA1129051DBA24A9009CBFA6 /* EventsAppUI2.xcdatamodel */ = {isa = PBXFileReference; lastKnownFileType = wrapper.xcdatamodel; path = EventsAppUI2.xcdatamodel; sourceTree = "<group>"; };
		CA1129071DBA24A9009CBFA6 /* Assets.xcassets */ = {isa = PBXFileReference; lastKnownFileType = folder.assetcatalog; path = Assets.xcassets; sourceTree = "<group>"; };
		CA11290A1DBA24A9009CBFA6 /* Base */ = {isa = PBXFileReference; lastKnownFileType = file.storyboard; name = Base; path = Base.lproj/LaunchScreen.storyboard; sourceTree = "<group>"; };
		CA11290C1DBA24A9009CBFA6 /* Info.plist */ = {isa = PBXFileReference; lastKnownFileType = text.plist.xml; path = Info.plist; sourceTree = "<group>"; };
		CA1129111DBA24A9009CBFA6 /* EventsAppUI2UITests.xctest */ = {isa = PBXFileReference; explicitFileType = wrapper.cfbundle; includeInIndex = 0; path = EventsAppUI2UITests.xctest; sourceTree = BUILT_PRODUCTS_DIR; };
		CA1129151DBA24A9009CBFA6 /* EventsAppUI2UITests.m */ = {isa = PBXFileReference; lastKnownFileType = sourcecode.c.objc; path = EventsAppUI2UITests.m; sourceTree = "<group>"; };
		CA1129171DBA24A9009CBFA6 /* Info.plist */ = {isa = PBXFileReference; lastKnownFileType = text.plist.xml; path = Info.plist; sourceTree = "<group>"; };
/* End PBXFileReference section */

/* Begin PBXFrameworksBuildPhase section */
		CA1128F21DBA24A8009CBFA6 /* Frameworks */ = {
			isa = PBXFrameworksBuildPhase;
			buildActionMask = 2147483647;
			files = (
			);
			runOnlyForDeploymentPostprocessing = 0;
		};
		CA11290E1DBA24A9009CBFA6 /* Frameworks */ = {
			isa = PBXFrameworksBuildPhase;
			buildActionMask = 2147483647;
			files = (
			);
			runOnlyForDeploymentPostprocessing = 0;
		};
/* End PBXFrameworksBuildPhase section */

/* Begin PBXGroup section */
		CA1128EC1DBA24A8009CBFA6 = {
			isa = PBXGroup;
			children = (
				CA1128F71DBA24A8009CBFA6 /* EventsAppUI2 */,
				CA1129141DBA24A9009CBFA6 /* EventsAppUI2UITests */,
				CA1128F61DBA24A8009CBFA6 /* Products */,
			);
			sourceTree = "<group>";
		};
		CA1128F61DBA24A8009CBFA6 /* Products */ = {
			isa = PBXGroup;
			children = (
				CA1128F51DBA24A8009CBFA6 /* EventsAppUI2.app */,
				CA1129111DBA24A9009CBFA6 /* EventsAppUI2UITests.xctest */,
			);
			name = Products;
			sourceTree = "<group>";
		};
		CA1128F71DBA24A8009CBFA6 /* EventsAppUI2 */ = {
			isa = PBXGroup;
			children = (
				CA1128FB1DBA24A8009CBFA6 /* AppDelegate.h */,
				CA1128FC1DBA24A8009CBFA6 /* AppDelegate.m */,
				CA1128FE1DBA24A8009CBFA6 /* ViewController.h */,
				CA1128FF1DBA24A8009CBFA6 /* ViewController.m */,
				CA1129011DBA24A8009CBFA6 /* Main.storyboard */,
				CA1129071DBA24A9009CBFA6 /* Assets.xcassets */,
				CA1129091DBA24A9009CBFA6 /* LaunchScreen.storyboard */,
				CA11290C1DBA24A9009CBFA6 /* Info.plist */,
				CA1129041DBA24A9009CBFA6 /* EventsAppUI2.xcdatamodeld */,
				CA1128F81DBA24A8009CBFA6 /* Supporting Files */,
			);
			path = EventsAppUI2;
			sourceTree = "<group>";
		};
		CA1128F81DBA24A8009CBFA6 /* Supporting Files */ = {
			isa = PBXGroup;
			children = (
				CA1128F91DBA24A8009CBFA6 /* main.m */,
			);
			name = "Supporting Files";
			sourceTree = "<group>";
		};
		CA1129141DBA24A9009CBFA6 /* EventsAppUI2UITests */ = {
			isa = PBXGroup;
			children = (
				CA1129151DBA24A9009CBFA6 /* EventsAppUI2UITests.m */,
				CA1129171DBA24A9009CBFA6 /* Info.plist */,
			);
			path = EventsAppUI2UITests;
			sourceTree = "<group>";
		};
/* End PBXGroup section */

/* Begin PBXNativeTarget section */
		CA1128F41DBA24A8009CBFA6 /* EventsAppUI2 */ = {
			isa = PBXNativeTarget;
			buildConfigurationList = CA11291A1DBA24A9009CBFA6 /* Build configuration list for PBXNativeTarget "EventsAppUI2" */;
			buildPhases = (
				CA1128F11DBA24A8009CBFA6 /* Sources */,
				CA1128F21DBA24A8009CBFA6 /* Frameworks */,
				CA1128F31DBA24A8009CBFA6 /* Resources */,
			);
			buildRules = (
			);
			dependencies = (
			);
			name = EventsAppUI2;
			productName = EventsAppUI2;
			productReference = CA1128F51DBA24A8009CBFA6 /* EventsAppUI2.app */;
			productType = "com.apple.product-type.application";
		};
		CA1129101DBA24A9009CBFA6 /* EventsAppUI2UITests */ = {
			isa = PBXNativeTarget;
			buildConfigurationList = CA11291D1DBA24A9009CBFA6 /* Build configuration list for PBXNativeTarget "EventsAppUI2UITests" */;
			buildPhases = (
				CA11290D1DBA24A9009CBFA6 /* Sources */,
				CA11290E1DBA24A9009CBFA6 /* Frameworks */,
				CA11290F1DBA24A9009CBFA6 /* Resources */,
			);
			buildRules = (
			);
			dependencies = (
				CA1129131DBA24A9009CBFA6 /* PBXTargetDependency */,
			);
			name = EventsAppUI2UITests;
			productName = EventsAppUI2UITests;
			productReference = CA1129111DBA24A9009CBFA6 /* EventsAppUI2UITests.xctest */;
			productType = "com.apple.product-type.bundle.ui-testing";
		};
/* End PBXNativeTarget section */

/* Begin PBXProject section */
		CA1128ED1DBA24A8009CBFA6 /* Project object */ = {
			isa = PBXProject;
			attributes = {
				LastUpgradeCheck = 0730;
				ORGANIZATIONNAME = "Jonathan Villegas";
				TargetAttributes = {
					CA1128F41DBA24A8009CBFA6 = {
						CreatedOnToolsVersion = 7.3.1;
					};
					CA1129101DBA24A9009CBFA6 = {
						CreatedOnToolsVersion = 7.3.1;
						TestTargetID = CA1128F41DBA24A8009CBFA6;
					};
				};
			};
			buildConfigurationList = CA1128F01DBA24A8009CBFA6 /* Build configuration list for PBXProject "EventsAppUI2" */;
			compatibilityVersion = "Xcode 3.2";
			developmentRegion = English;
			hasScannedForEncodings = 0;
			knownRegions = (
				en,
				Base,
			);
			mainGroup = CA1128EC1DBA24A8009CBFA6;
			productRefGroup = CA1128F61DBA24A8009CBFA6 /* Products */;
			projectDirPath = "";
			projectRoot = "";
			targets = (
				CA1128F41DBA24A8009CBFA6 /* EventsAppUI2 */,
				CA1129101DBA24A9009CBFA6 /* EventsAppUI2UITests */,
			);
		};
/* End PBXProject section */

/* Begin PBXResourcesBuildPhase section */
		CA1128F31DBA24A8009CBFA6 /* Resources */ = {
			isa = PBXResourcesBuildPhase;
			buildActionMask = 2147483647;
			files = (
				CA11290B1DBA24A9009CBFA6 /* LaunchScreen.storyboard in Resources */,
				CA1129081DBA24A9009CBFA6 /* Assets.xcassets in Resources */,
				CA1129031DBA24A8009CBFA6 /* Main.storyboard in Resources */,
			);
			runOnlyForDeploymentPostprocessing = 0;
		};
		CA11290F1DBA24A9009CBFA6 /* Resources */ = {
			isa = PBXResourcesBuildPhase;
			buildActionMask = 2147483647;
			files = (
			);
			runOnlyForDeploymentPostprocessing = 0;
		};
/* End PBXResourcesBuildPhase section */

/* Begin PBXSourcesBuildPhase section */
		CA1128F11DBA24A8009CBFA6 /* Sources */ = {
			isa = PBXSourcesBuildPhase;
			buildActionMask = 2147483647;
			files = (
				CA1129001DBA24A8009CBFA6 /* ViewController.m in Sources */,
				CA1128FD1DBA24A8009CBFA6 /* AppDelegate.m in Sources */,
				CA1128FA1DBA24A8009CBFA6 /* main.m in Sources */,
				CA1129061DBA24A9009CBFA6 /* EventsAppUI2.xcdatamodeld in Sources */,
			);
			runOnlyForDeploymentPostprocessing = 0;
		};
		CA11290D1DBA24A9009CBFA6 /* Sources */ = {
			isa = PBXSourcesBuildPhase;
			buildActionMask = 2147483647;
			files = (
				CA1129161DBA24A9009CBFA6 /* EventsAppUI2UITests.m in Sources */,
			);
			runOnlyForDeploymentPostprocessing = 0;
		};
/* End PBXSourcesBuildPhase section */

/* Begin PBXTargetDependency section */
		CA1129131DBA24A9009CBFA6 /* PBXTargetDependency */ = {
			isa = PBXTargetDependency;
			target = CA1128F41DBA24A8009CBFA6 /* EventsAppUI2 */;
			targetProxy = CA1129121DBA24A9009CBFA6 /* PBXContainerItemProxy */;
		};
/* End PBXTargetDependency section */

/* Begin PBXVariantGroup section */
		CA1129011DBA24A8009CBFA6 /* Main.storyboard */ = {
			isa = PBXVariantGroup;
			children = (
				CA1129021DBA24A8009CBFA6 /* Base */,
			);
			name = Main.storyboard;
			sourceTree = "<group>";
		};
		CA1129091DBA24A9009CBFA6 /* LaunchScreen.storyboard */ = {
			isa = PBXVariantGroup;
			children = (
				CA11290A1DBA24A9009CBFA6 /* Base */,
			);
			name = LaunchScreen.storyboard;
			sourceTree = "<group>";
		};
/* End PBXVariantGroup section */

/* Begin XCBuildConfiguration section */
		CA1129181DBA24A9009CBFA6 /* Debug */ = {
			isa = XCBuildConfiguration;
			buildSettings = {
				ALWAYS_SEARCH_USER_PATHS = NO;
				CLANG_ANALYZER_NONNULL = YES;
				CLANG_CXX_LANGUAGE_STANDARD = "gnu++0x";
				CLANG_CXX_LIBRARY = "libc++";
				CLANG_ENABLE_MODULES = YES;
				CLANG_ENABLE_OBJC_ARC = YES;
				CLANG_WARN_BOOL_CONVERSION = YES;
				CLANG_WARN_CONSTANT_CONVERSION = YES;
				CLANG_WARN_DIRECT_OBJC_ISA_USAGE = YES_ERROR;
				CLANG_WARN_EMPTY_BODY = YES;
				CLANG_WARN_ENUM_CONVERSION = YES;
				CLANG_WARN_INT_CONVERSION = YES;
				CLANG_WARN_OBJC_ROOT_CLASS = YES_ERROR;
				CLANG_WARN_UNREACHABLE_CODE = YES;
				CLANG_WARN__DUPLICATE_METHOD_MATCH = YES;
				"CODE_SIGN_IDENTITY[sdk=iphoneos*]" = "iPhone Developer";
				COPY_PHASE_STRIP = NO;
				DEBUG_INFORMATION_FORMAT = dwarf;
				ENABLE_STRICT_OBJC_MSGSEND = YES;
				ENABLE_TESTABILITY = YES;
				GCC_C_LANGUAGE_STANDARD = gnu99;
				GCC_DYNAMIC_NO_PIC = NO;
				GCC_NO_COMMON_BLOCKS = YES;
				GCC_OPTIMIZATION_LEVEL = 0;
				GCC_PREPROCESSOR_DEFINITIONS = (
					"DEBUG=1",
					"$(inherited)",
				);
				GCC_WARN_64_TO_32_BIT_CONVERSION = YES;
				GCC_WARN_ABOUT_RETURN_TYPE = YES_ERROR;
				GCC_WARN_UNDECLARED_SELECTOR = YES;
				GCC_WARN_UNINITIALIZED_AUTOS = YES_AGGRESSIVE;
				GCC_WARN_UNUSED_FUNCTION = YES;
				GCC_WARN_UNUSED_VARIABLE = YES;
				IPHONEOS_DEPLOYMENT_TARGET = 9.3;
				MTL_ENABLE_DEBUG_INFO = YES;
				ONLY_ACTIVE_ARCH = YES;
				SDKROOT = iphoneos;
				TARGETED_DEVICE_FAMILY = "1,2";
			};
			name = Debug;
		};
		CA1129191DBA24A9009CBFA6 /* Release */ = {
			isa = XCBuildConfiguration;
			buildSettings = {
				ALWAYS_SEARCH_USER_PATHS = NO;
				CLANG_ANALYZER_NONNULL = YES;
				CLANG_CXX_LANGUAGE_STANDARD = "gnu++0x";
				CLANG_CXX_LIBRARY = "libc++";
				CLANG_ENABLE_MODULES = YES;
				CLANG_ENABLE_OBJC_ARC = YES;
				CLANG_WARN_BOOL_CONVERSION = YES;
				CLANG_WARN_CONSTANT_CONVERSION = YES;
				CLANG_WARN_DIRECT_OBJC_ISA_USAGE = YES_ERROR;
				CLANG_WARN_EMPTY_BODY = YES;
				CLANG_WARN_ENUM_CONVERSION = YES;
				CLANG_WARN_INT_CONVERSION = YES;
				CLANG_WARN_OBJC_ROOT_CLASS = YES_ERROR;
				CLANG_WARN_UNREACHABLE_CODE = YES;
				CLANG_WARN__DUPLICATE_METHOD_MATCH = YES;
				"CODE_SIGN_IDENTITY[sdk=iphoneos*]" = "iPhone Developer";
				COPY_PHASE_STRIP = NO;
				DEBUG_INFORMATION_FORMAT = "dwarf-with-dsym";
				ENABLE_NS_ASSERTIONS = NO;
				ENABLE_STRICT_OBJC_MSGSEND = YES;
				GCC_C_LANGUAGE_STANDARD = gnu99;
				GCC_NO_COMMON_BLOCKS = YES;
				GCC_WARN_64_TO_32_BIT_CONVERSION = YES;
				GCC_WARN_ABOUT_RETURN_TYPE = YES_ERROR;
				GCC_WARN_UNDECLARED_SELECTOR = YES;
				GCC_WARN_UNINITIALIZED_AUTOS = YES_AGGRESSIVE;
				GCC_WARN_UNUSED_FUNCTION = YES;
				GCC_WARN_UNUSED_VARIABLE = YES;
				IPHONEOS_DEPLOYMENT_TARGET = 9.3;
				MTL_ENABLE_DEBUG_INFO = NO;
				SDKROOT = iphoneos;
				TARGETED_DEVICE_FAMILY = "1,2";
				VALIDATE_PRODUCT = YES;
			};
			name = Release;
		};
		CA11291B1DBA24A9009CBFA6 /* Debug */ = {
			isa = XCBuildConfiguration;
			buildSettings = {
				ASSETCATALOG_COMPILER_APPICON_NAME = AppIcon;
				INFOPLIST_FILE = EventsAppUI2/Info.plist;
				LD_RUNPATH_SEARCH_PATHS = "$(inherited) @executable_path/Frameworks";
				PRODUCT_BUNDLE_IDENTIFIER = Rich.EventsAppUI2;
				PRODUCT_NAME = "$(TARGET_NAME)";
			};
			name = Debug;
		};
		CA11291C1DBA24A9009CBFA6 /* Release */ = {
			isa = XCBuildConfiguration;
			buildSettings = {
				ASSETCATALOG_COMPILER_APPICON_NAME = AppIcon;
				INFOPLIST_FILE = EventsAppUI2/Info.plist;
				LD_RUNPATH_SEARCH_PATHS = "$(inherited) @executable_path/Frameworks";
				PRODUCT_BUNDLE_IDENTIFIER = Rich.EventsAppUI2;
				PRODUCT_NAME = "$(TARGET_NAME)";
			};
			name = Release;
		};
		CA11291E1DBA24A9009CBFA6 /* Debug */ = {
			isa = XCBuildConfiguration;
			buildSettings = {
				INFOPLIST_FILE = EventsAppUI2UITests/Info.plist;
				LD_RUNPATH_SEARCH_PATHS = "$(inherited) @executable_path/Frameworks @loader_path/Frameworks";
				PRODUCT_BUNDLE_IDENTIFIER = Rich.EventsAppUI2UITests;
				PRODUCT_NAME = "$(TARGET_NAME)";
				TEST_TARGET_NAME = EventsAppUI2;
			};
			name = Debug;
		};
		CA11291F1DBA24A9009CBFA6 /* Release */ = {
			isa = XCBuildConfiguration;
			buildSettings = {
				INFOPLIST_FILE = EventsAppUI2UITests/Info.plist;
				LD_RUNPATH_SEARCH_PATHS = "$(inherited) @executable_path/Frameworks @loader_path/Frameworks";
				PRODUCT_BUNDLE_IDENTIFIER = Rich.EventsAppUI2UITests;
				PRODUCT_NAME = "$(TARGET_NAME)";
				TEST_TARGET_NAME = EventsAppUI2;
			};
			name = Release;
		};
/* End XCBuildConfiguration section */

/* Begin XCConfigurationList section */
		CA1128F01DBA24A8009CBFA6 /* Build configuration list for PBXProject "EventsAppUI2" */ = {
			isa = XCConfigurationList;
			buildConfigurations = (
				CA1129181DBA24A9009CBFA6 /* Debug */,
				CA1129191DBA24A9009CBFA6 /* Release */,
			);
			defaultConfigurationIsVisible = 0;
			defaultConfigurationName = Release;
		};
		CA11291A1DBA24A9009CBFA6 /* Build configuration list for PBXNativeTarget "EventsAppUI2" */ = {
			isa = XCConfigurationList;
			buildConfigurations = (
				CA11291B1DBA24A9009CBFA6 /* Debug */,
				CA11291C1DBA24A9009CBFA6 /* Release */,
			);
			defaultConfigurationIsVisible = 0;
		};
		CA11291D1DBA24A9009CBFA6 /* Build configuration list for PBXNativeTarget "EventsAppUI2UITests" */ = {
			isa = XCConfigurationList;
			buildConfigurations = (
				CA11291E1DBA24A9009CBFA6 /* Debug */,
				CA11291F1DBA24A9009CBFA6 /* Release */,
			);
			defaultConfigurationIsVisible = 0;
		};
/* End XCConfigurationList section */

/* Begin XCVersionGroup section */
		CA1129041DBA24A9009CBFA6 /* EventsAppUI2.xcdatamodeld */ = {
			isa = XCVersionGroup;
			children = (
				CA1129051DBA24A9009CBFA6 /* EventsAppUI2.xcdatamodel */,
			);
			currentVersion = CA1129051DBA24A9009CBFA6 /* EventsAppUI2.xcdatamodel */;
			path = EventsAppUI2.xcdatamodeld;
			sourceTree = "<group>";
			versionGroupType = wrapper.xcdatamodel;
		};
/* End XCVersionGroup section */
	};
	rootObject = CA1128ED1DBA24A8009CBFA6 /* Project object */;
}
